
Microsoft Visual Studio Solution File, Format Version 12.00
# Visual Studio 2015
Project("{FAE04EC0-301F-11D3-BF4B-00C04F79EFBC}") = "DemoWorld.CSharp.Plugins", "DemoWorld.CSharp.Plugins.csproj", "{B4341A0C-1120-7E51-E288-B2DAF3CDDE65}"
EndProject
Project("{FAE04EC0-301F-11D3-BF4B-00C04F79EFBC}") = "DemoWorld.CSharp", "DemoWorld.CSharp.csproj", "{A19B477E-A9F3-4DCE-192A-613AA2029A24}"
EndProject
Project("{FAE04EC0-301F-11D3-BF4B-00C04F79EFBC}") = "DemoWorld.CSharp.Editor.Plugins", "DemoWorld.CSharp.Editor.Plugins.csproj", "{8B84A014-23EF-861A-00C1-DF5F7C6FF1F3}"
EndProject
Global
	GlobalSection(SolutionConfigurationPlatforms) = preSolution
		Debug|Any CPU = Debug|Any CPU
		Release|Any CPU = Release|Any CPU
	EndGlobalSection
	GlobalSection(ProjectConfigurationPlatforms) = postSolution
		{B4341A0C-1120-7E51-E288-B2DAF3CDDE65}.Debug|Any CPU.ActiveCfg = Debug|Any CPU
		{B4341A0C-1120-7E51-E288-B2DAF3CDDE65}.Debug|Any CPU.Build.0 = Debug|Any CPU
		{B4341A0C-1120-7E51-E288-B2DAF3CDDE65}.Release|Any CPU.ActiveCfg = Release|Any CPU
		{B4341A0C-1120-7E51-E288-B2DAF3CDDE65}.Release|Any CPU.Build.0 = Release|Any CPU
		{A19B477E-A9F3-4DCE-192A-613AA2029A24}.Debug|Any CPU.ActiveCfg = Debug|Any CPU
		{A19B477E-A9F3-4DCE-192A-613AA2029A24}.Debug|Any CPU.Build.0 = Debug|Any CPU
		{A19B477E-A9F3-4DCE-192A-613AA2029A24}.Release|Any CPU.ActiveCfg = Release|Any CPU
		{A19B477E-A9F3-4DCE-192A-613AA2029A24}.Release|Any CPU.Build.0 = Release|Any CPU
		{8B84A014-23EF-861A-00C1-DF5F7C6FF1F3}.Debug|Any CPU.ActiveCfg = Debug|Any CPU
		{8B84A014-23EF-861A-00C1-DF5F7C6FF1F3}.Debug|Any CPU.Build.0 = Debug|Any CPU
		{8B84A014-23EF-861A-00C1-DF5F7C6FF1F3}.Release|Any CPU.ActiveCfg = Release|Any CPU
		{8B84A014-23EF-861A-00C1-DF5F7C6FF1F3}.Release|Any CPU.Build.0 = Release|Any CPU
	EndGlobalSection
	GlobalSection(SolutionProperties) = preSolution
		HideSolutionNode = FALSE
	EndGlobalSection
EndGlobal
